// !$*UTF8*$!
{
	archiveVersion = 1;
	classes = {
	};
	objectVersion = 51;
	objects = {

/* Begin PBXBuildFile section */
		6CF9A90591A31C14DD6478A9 /* Pods_Todoey.framework in Frameworks */ = {isa = PBXBuildFile; fileRef = 93B313FC8B2BC5A1EC24DCB2 /* Pods_Todoey.framework */; };
		7929A521238C0563004209E3 /* CategoryViewController.swift in Sources */ = {isa = PBXBuildFile; fileRef = 7929A520238C0563004209E3 /* CategoryViewController.swift */; };
		7929A525238D6E96004209E3 /* Item.swift in Sources */ = {isa = PBXBuildFile; fileRef = 7929A524238D6E96004209E3 /* Item.swift */; };
		7929A527238D6EAE004209E3 /* Category.swift in Sources */ = {isa = PBXBuildFile; fileRef = 7929A526238D6EAE004209E3 /* Category.swift */; };
		7974059E238578420037AE4F /* DataModel.xcdatamodeld in Sources */ = {isa = PBXBuildFile; fileRef = 7974059C238578420037AE4F /* DataModel.xcdatamodeld */; };
		79FBA879234CB27E0012CF54 /* AppDelegate.swift in Sources */ = {isa = PBXBuildFile; fileRef = 79FBA878234CB27E0012CF54 /* AppDelegate.swift */; };
		79FBA87B234CB27E0012CF54 /* SceneDelegate.swift in Sources */ = {isa = PBXBuildFile; fileRef = 79FBA87A234CB27E0012CF54 /* SceneDelegate.swift */; };
		79FBA87D234CB27E0012CF54 /* TodoListViewController.swift in Sources */ = {isa = PBXBuildFile; fileRef = 79FBA87C234CB27E0012CF54 /* TodoListViewController.swift */; };
		79FBA880234CB27E0012CF54 /* Main.storyboard in Resources */ = {isa = PBXBuildFile; fileRef = 79FBA87E234CB27E0012CF54 /* Main.storyboard */; };
		79FBA882234CB2810012CF54 /* Assets.xcassets in Resources */ = {isa = PBXBuildFile; fileRef = 79FBA881234CB2810012CF54 /* Assets.xcassets */; };
		79FBA885234CB2810012CF54 /* LaunchScreen.storyboard in Resources */ = {isa = PBXBuildFile; fileRef = 79FBA883234CB2810012CF54 /* LaunchScreen.storyboard */; };
/* End PBXBuildFile section */

/* Begin PBXFileReference section */
		6AE41CF94C7F1863959C67BB /* Pods-Todoey.debug.xcconfig */ = {isa = PBXFileReference; includeInIndex = 1; lastKnownFileType = text.xcconfig; name = "Pods-Todoey.debug.xcconfig"; path = "Target Support Files/Pods-Todoey/Pods-Todoey.debug.xcconfig"; sourceTree = "<group>"; };
		7929A520238C0563004209E3 /* CategoryViewController.swift */ = {isa = PBXFileReference; lastKnownFileType = sourcecode.swift; path = CategoryViewController.swift; sourceTree = "<group>"; };
		7929A524238D6E96004209E3 /* Item.swift */ = {isa = PBXFileReference; lastKnownFileType = sourcecode.swift; path = Item.swift; sourceTree = "<group>"; };
		7929A526238D6EAE004209E3 /* Category.swift */ = {isa = PBXFileReference; lastKnownFileType = sourcecode.swift; path = Category.swift; sourceTree = "<group>"; };
		7974059D238578420037AE4F /* DataModel.xcdatamodel */ = {isa = PBXFileReference; lastKnownFileType = wrapper.xcdatamodel; path = DataModel.xcdatamodel; sourceTree = "<group>"; };
		79FBA875234CB27E0012CF54 /* Todoey.app */ = {isa = PBXFileReference; explicitFileType = wrapper.application; includeInIndex = 0; path = Todoey.app; sourceTree = BUILT_PRODUCTS_DIR; };
		79FBA878234CB27E0012CF54 /* AppDelegate.swift */ = {isa = PBXFileReference; lastKnownFileType = sourcecode.swift; path = AppDelegate.swift; sourceTree = "<group>"; };
		79FBA87A234CB27E0012CF54 /* SceneDelegate.swift */ = {isa = PBXFileReference; lastKnownFileType = sourcecode.swift; path = SceneDelegate.swift; sourceTree = "<group>"; };
		79FBA87C234CB27E0012CF54 /* TodoListViewController.swift */ = {isa = PBXFileReference; lastKnownFileType = sourcecode.swift; path = TodoListViewController.swift; sourceTree = "<group>"; };
		79FBA87F234CB27E0012CF54 /* Base */ = {isa = PBXFileReference; lastKnownFileType = file.storyboard; name = Base; path = Base.lproj/Main.storyboard; sourceTree = "<group>"; };
		79FBA881234CB2810012CF54 /* Assets.xcassets */ = {isa = PBXFileReference; lastKnownFileType = folder.assetcatalog; path = Assets.xcassets; sourceTree = "<group>"; };
		79FBA884234CB2810012CF54 /* Base */ = {isa = PBXFileReference; lastKnownFileType = file.storyboard; name = Base; path = Base.lproj/LaunchScreen.storyboard; sourceTree = "<group>"; };
		79FBA886234CB2810012CF54 /* Info.plist */ = {isa = PBXFileReference; lastKnownFileType = text.plist.xml; path = Info.plist; sourceTree = "<group>"; };
		93B313FC8B2BC5A1EC24DCB2 /* Pods_Todoey.framework */ = {isa = PBXFileReference; explicitFileType = wrapper.framework; includeInIndex = 0; path = Pods_Todoey.framework; sourceTree = BUILT_PRODUCTS_DIR; };
		D5909E15ABD1564161DBC7B1 /* Pods-Todoey.release.xcconfig */ = {isa = PBXFileReference; includeInIndex = 1; lastKnownFileType = text.xcconfig; name = "Pods-Todoey.release.xcconfig"; path = "Target Support Files/Pods-Todoey/Pods-Todoey.release.xcconfig"; sourceTree = "<group>"; };
/* End PBXFileReference section */

/* Begin PBXFrameworksBuildPhase section */
		79FBA872234CB27E0012CF54 /* Frameworks */ = {
			isa = PBXFrameworksBuildPhase;
			buildActionMask = 2147483647;
			files = (
				6CF9A90591A31C14DD6478A9 /* Pods_Todoey.framework in Frameworks */,
			);
			runOnlyForDeploymentPostprocessing = 0;
		};
/* End PBXFrameworksBuildPhase section */

/* Begin PBXGroup section */
		792AC7AC2383016400BBA032 /* Data Model */ = {
			isa = PBXGroup;
			children = (
				7974059C238578420037AE4F /* DataModel.xcdatamodeld */,
				7929A524238D6E96004209E3 /* Item.swift */,
				7929A526238D6EAE004209E3 /* Category.swift */,
			);
			path = "Data Model";
			sourceTree = "<group>";
		};
		792AC7AD2383018900BBA032 /* Views */ = {
			isa = PBXGroup;
			children = (
				79FBA87E234CB27E0012CF54 /* Main.storyboard */,
			);
			path = Views;
			sourceTree = "<group>";
		};
		792AC7AE2383019A00BBA032 /* Controllers */ = {
			isa = PBXGroup;
			children = (
				7929A520238C0563004209E3 /* CategoryViewController.swift */,
				79FBA87C234CB27E0012CF54 /* TodoListViewController.swift */,
			);
			path = Controllers;
			sourceTree = "<group>";
		};
		792AC7AF2383021300BBA032 /* Supporting Files */ = {
			isa = PBXGroup;
			children = (
				79FBA881234CB2810012CF54 /* Assets.xcassets */,
				79FBA883234CB2810012CF54 /* LaunchScreen.storyboard */,
			);
			path = "Supporting Files";
			sourceTree = "<group>";
		};
		79FBA86C234CB27E0012CF54 = {
			isa = PBXGroup;
			children = (
				79FBA877234CB27E0012CF54 /* Todoey */,
				79FBA876234CB27E0012CF54 /* Products */,
				8342CAE36FFF24FD06C06675 /* Pods */,
				932E7E943A33D4971259D5A9 /* Frameworks */,
			);
			sourceTree = "<group>";
		};
		79FBA876234CB27E0012CF54 /* Products */ = {
			isa = PBXGroup;
			children = (
				79FBA875234CB27E0012CF54 /* Todoey.app */,
			);
			name = Products;
			sourceTree = "<group>";
		};
		79FBA877234CB27E0012CF54 /* Todoey */ = {
			isa = PBXGroup;
			children = (
				79FBA878234CB27E0012CF54 /* AppDelegate.swift */,
				79FBA87A234CB27E0012CF54 /* SceneDelegate.swift */,
				792AC7AE2383019A00BBA032 /* Controllers */,
				792AC7AC2383016400BBA032 /* Data Model */,
				792AC7AD2383018900BBA032 /* Views */,
				792AC7AF2383021300BBA032 /* Supporting Files */,
				79FBA886234CB2810012CF54 /* Info.plist */,
			);
			path = Todoey;
			sourceTree = "<group>";
		};
		8342CAE36FFF24FD06C06675 /* Pods */ = {
			isa = PBXGroup;
			children = (
				6AE41CF94C7F1863959C67BB /* Pods-Todoey.debug.xcconfig */,
				D5909E15ABD1564161DBC7B1 /* Pods-Todoey.release.xcconfig */,
			);
			path = Pods;
			sourceTree = "<group>";
		};
		932E7E943A33D4971259D5A9 /* Frameworks */ = {
			isa = PBXGroup;
			children = (
				93B313FC8B2BC5A1EC24DCB2 /* Pods_Todoey.framework */,
			);
			name = Frameworks;
			sourceTree = "<group>";
		};
/* End PBXGroup section */

/* Begin PBXNativeTarget section */
		79FBA874234CB27E0012CF54 /* Todoey */ = {
			isa = PBXNativeTarget;
			buildConfigurationList = 79FBA889234CB2810012CF54 /* Build configuration list for PBXNativeTarget "Todoey" */;
			buildPhases = (
				D98D314A7E5384D90BAA8D27 /* [CP] Check Pods Manifest.lock */,
				79FBA871234CB27E0012CF54 /* Sources */,
				79FBA872234CB27E0012CF54 /* Frameworks */,
				79FBA873234CB27E0012CF54 /* Resources */,
				3D0A2EE73EFAFA349B1FE013 /* [CP] Embed Pods Frameworks */,
			);
			buildRules = (
			);
			dependencies = (
			);
			name = Todoey;
			productName = Todoey;
			productReference = 79FBA875234CB27E0012CF54 /* Todoey.app */;
			productType = "com.apple.product-type.application";
		};
/* End PBXNativeTarget section */

/* Begin PBXProject section */
		79FBA86D234CB27E0012CF54 /* Project object */ = {
			isa = PBXProject;
			attributes = {
				LastSwiftUpdateCheck = 1100;
				LastUpgradeCheck = 1100;
				ORGANIZATIONNAME = "Marina Svistkova";
				TargetAttributes = {
					79FBA874234CB27E0012CF54 = {
						CreatedOnToolsVersion = 11.0;
					};
				};
			};
			buildConfigurationList = 79FBA870234CB27E0012CF54 /* Build configuration list for PBXProject "Todoey" */;
			compatibilityVersion = "Xcode 9.3";
			developmentRegion = en;
			hasScannedForEncodings = 0;
			knownRegions = (
				en,
				Base,
			);
			mainGroup = 79FBA86C234CB27E0012CF54;
			productRefGroup = 79FBA876234CB27E0012CF54 /* Products */;
			projectDirPath = "";
			projectRoot = "";
			targets = (
				79FBA874234CB27E0012CF54 /* Todoey */,
			);
		};
/* End PBXProject section */

/* Begin PBXResourcesBuildPhase section */
		79FBA873234CB27E0012CF54 /* Resources */ = {
			isa = PBXResourcesBuildPhase;
			buildActionMask = 2147483647;
			files = (
				79FBA885234CB2810012CF54 /* LaunchScreen.storyboard in Resources */,
				79FBA882234CB2810012CF54 /* Assets.xcassets in Resources */,
				79FBA880234CB27E0012CF54 /* Main.storyboard in Resources */,
			);
			runOnlyForDeploymentPostprocessing = 0;
		};
/* End PBXResourcesBuildPhase section */

/* Begin PBXShellScriptBuildPhase section */
		3D0A2EE73EFAFA349B1FE013 /* [CP] Embed Pods Frameworks */ = {
			isa = PBXShellScriptBuildPhase;
			buildActionMask = 2147483647;
			files = (
			);
			inputFileListPaths = (
				"${PODS_ROOT}/Target Support Files/Pods-Todoey/Pods-Todoey-frameworks-${CONFIGURATION}-input-files.xcfilelist",
			);
			name = "[CP] Embed Pods Frameworks";
			outputFileListPaths = (
				"${PODS_ROOT}/Target Support Files/Pods-Todoey/Pods-Todoey-frameworks-${CONFIGURATION}-output-files.xcfilelist",
			);
			runOnlyForDeploymentPostprocessing = 0;
			shellPath = /bin/sh;
			shellScript = "\"${PODS_ROOT}/Target Support Files/Pods-Todoey/Pods-Todoey-frameworks.sh\"\n";
			showEnvVarsInLog = 0;
		};
		D98D314A7E5384D90BAA8D27 /* [CP] Check Pods Manifest.lock */ = {
			isa = PBXShellScriptBuildPhase;
			buildActionMask = 2147483647;
			files = (
			);
			inputFileListPaths = (
			);
			inputPaths = (
				"${PODS_PODFILE_DIR_PATH}/Podfile.lock",
				"${PODS_ROOT}/Manifest.lock",
			);
			name = "[CP] Check Pods Manifest.lock";
			outputFileListPaths = (
			);
			outputPaths = (
				"$(DERIVED_FILE_DIR)/Pods-Todoey-checkManifestLockResult.txt",
			);
			runOnlyForDeploymentPostprocessing = 0;
			shellPath = /bin/sh;
			shellScript = "diff \"${PODS_PODFILE_DIR_PATH}/Podfile.lock\" \"${PODS_ROOT}/Manifest.lock\" > /dev/null\nif [ $? != 0 ] ; then\n    # print error to STDERR\n    echo \"error: The sandbox is not in sync with the Podfile.lock. Run 'pod install' or update your CocoaPods installation.\" >&2\n    exit 1\nfi\n# This output is used by Xcode 'outputs' to avoid re-running this script phase.\necho \"SUCCESS\" > \"${SCRIPT_OUTPUT_FILE_0}\"\n";
			showEnvVarsInLog = 0;
		};
/* End PBXShellScriptBuildPhase section */

/* Begin PBXSourcesBuildPhase section */
		79FBA871234CB27E0012CF54 /* Sources */ = {
			isa = PBXSourcesBuildPhase;
			buildActionMask = 2147483647;
			files = (
				7929A521238C0563004209E3 /* CategoryViewController.swift in Sources */,
				7974059E238578420037AE4F /* DataModel.xcdatamodeld in Sources */,
				79FBA87D234CB27E0012CF54 /* TodoListViewController.swift in Sources */,
				79FBA879234CB27E0012CF54 /* AppDelegate.swift in Sources */,
				7929A525238D6E96004209E3 /* Item.swift in Sources */,
				79FBA87B234CB27E0012CF54 /* SceneDelegate.swift in Sources */,
				7929A527238D6EAE004209E3 /* Category.swift in Sources */,
			);
			runOnlyForDeploymentPostprocessing = 0;
		};
/* End PBXSourcesBuildPhase section */

/* Begin PBXVariantGroup section */
		79FBA87E234CB27E0012CF54 /* Main.storyboard */ = {
			isa = PBXVariantGroup;
			children = (
				79FBA87F234CB27E0012CF54 /* Base */,
			);
			name = Main.storyboard;
			sourceTree = "<group>";
		};
		79FBA883234CB2810012CF54 /* LaunchScreen.storyboard */ = {
			isa = PBXVariantGroup;
			children = (
				79FBA884234CB2810012CF54 /* Base */,
			);
			name = LaunchScreen.storyboard;
			sourceTree = "<group>";
		};
/* End PBXVariantGroup section */

/* Begin XCBuildConfiguration section */
		79FBA887234CB2810012CF54 /* Debug */ = {
			isa = XCBuildConfiguration;
			buildSettings = {
				ALWAYS_SEARCH_USER_PATHS = NO;
				CLANG_ANALYZER_NONNULL = YES;
				CLANG_ANALYZER_NUMBER_OBJECT_CONVERSION = YES_AGGRESSIVE;
				CLANG_CXX_LANGUAGE_STANDARD = "gnu++14";
				CLANG_CXX_LIBRARY = "libc++";
				CLANG_ENABLE_MODULES = YES;
				CLANG_ENABLE_OBJC_ARC = YES;
				CLANG_ENABLE_OBJC_WEAK = YES;
				CLANG_WARN_BLOCK_CAPTURE_AUTORELEASING = YES;
				CLANG_WARN_BOOL_CONVERSION = YES;
				CLANG_WARN_COMMA = YES;
				CLANG_WARN_CONSTANT_CONVERSION = YES;
				CLANG_WARN_DEPRECATED_OBJC_IMPLEMENTATIONS = YES;
				CLANG_WARN_DIRECT_OBJC_ISA_USAGE = YES_ERROR;
				CLANG_WARN_DOCUMENTATION_COMMENTS = YES;
				CLANG_WARN_EMPTY_BODY = YES;
				CLANG_WARN_ENUM_CONVERSION = YES;
				CLANG_WARN_INFINITE_RECURSION = YES;
				CLANG_WARN_INT_CONVERSION = YES;
				CLANG_WARN_NON_LITERAL_NULL_CONVERSION = YES;
				CLANG_WARN_OBJC_IMPLICIT_RETAIN_SELF = YES;
				CLANG_WARN_OBJC_LITERAL_CONVERSION = YES;
				CLANG_WARN_OBJC_ROOT_CLASS = YES_ERROR;
				CLANG_WARN_RANGE_LOOP_ANALYSIS = YES;
				CLANG_WARN_STRICT_PROTOTYPES = YES;
				CLANG_WARN_SUSPICIOUS_MOVE = YES;
				CLANG_WARN_UNGUARDED_AVAILABILITY = YES_AGGRESSIVE;
				CLANG_WARN_UNREACHABLE_CODE = YES;
				CLANG_WARN__DUPLICATE_METHOD_MATCH = YES;
				COPY_PHASE_STRIP = NO;
				DEBUG_INFORMATION_FORMAT = dwarf;
				ENABLE_STRICT_OBJC_MSGSEND = YES;
				ENABLE_TESTABILITY = YES;
				GCC_C_LANGUAGE_STANDARD = gnu11;
				GCC_DYNAMIC_NO_PIC = NO;
				GCC_NO_COMMON_BLOCKS = YES;
				GCC_OPTIMIZATION_LEVEL = 0;
				GCC_PREPROCESSOR_DEFINITIONS = (
					"DEBUG=1",
					"$(inherited)",
				);
				GCC_WARN_64_TO_32_BIT_CONVERSION = YES;
				GCC_WARN_ABOUT_RETURN_TYPE = YES_ERROR;
				GCC_WARN_UNDECLARED_SELECTOR = YES;
				GCC_WARN_UNINITIALIZED_AUTOS = YES_AGGRESSIVE;
				GCC_WARN_UNUSED_FUNCTION = YES;
				GCC_WARN_UNUSED_VARIABLE = YES;
				IPHONEOS_DEPLOYMENT_TARGET = 13.0;
				MTL_ENABLE_DEBUG_INFO = INCLUDE_SOURCE;
				MTL_FAST_MATH = YES;
				ONLY_ACTIVE_ARCH = YES;
				SDKROOT = iphoneos;
				SWIFT_ACTIVE_COMPILATION_CONDITIONS = DEBUG;
				SWIFT_OPTIMIZATION_LEVEL = "-Onone";
			};
			name = Debug;
		};
		79FBA888234CB2810012CF54 /* Release */ = {
			isa = XCBuildConfiguration;
			buildSettings = {
				ALWAYS_SEARCH_USER_PATHS = NO;
				CLANG_ANALYZER_NONNULL = YES;
				CLANG_ANALYZER_NUMBER_OBJECT_CONVERSION = YES_AGGRESSIVE;
				CLANG_CXX_LANGUAGE_STANDARD = "gnu++14";
				CLANG_CXX_LIBRARY = "libc++";
				CLANG_ENABLE_MODULES = YES;
				CLANG_ENABLE_OBJC_ARC = YES;
				CLANG_ENABLE_OBJC_WEAK = YES;
				CLANG_WARN_BLOCK_CAPTURE_AUTORELEASING = YES;
				CLANG_WARN_BOOL_CONVERSION = YES;
				CLANG_WARN_COMMA = YES;
				CLANG_WARN_CONSTANT_CONVERSION = YES;
				CLANG_WARN_DEPRECATED_OBJC_IMPLEMENTATIONS = YES;
				CLANG_WARN_DIRECT_OBJC_ISA_USAGE = YES_ERROR;
				CLANG_WARN_DOCUMENTATION_COMMENTS = YES;
				CLANG_WARN_EMPTY_BODY = YES;
				CLANG_WARN_ENUM_CONVERSION = YES;
				CLANG_WARN_INFINITE_RECURSION = YES;
				CLANG_WARN_INT_CONVERSION = YES;
				CLANG_WARN_NON_LITERAL_NULL_CONVERSION = YES;
				CLANG_WARN_OBJC_IMPLICIT_RETAIN_SELF = YES;
				CLANG_WARN_OBJC_LITERAL_CONVERSION = YES;
				CLANG_WARN_OBJC_ROOT_CLASS = YES_ERROR;
				CLANG_WARN_RANGE_LOOP_ANALYSIS = YES;
				CLANG_WARN_STRICT_PROTOTYPES = YES;
				CLANG_WARN_SUSPICIOUS_MOVE = YES;
				CLANG_WARN_UNGUARDED_AVAILABILITY = YES_AGGRESSIVE;
				CLANG_WARN_UNREACHABLE_CODE = YES;
				CLANG_WARN__DUPLICATE_METHOD_MATCH = YES;
				COPY_PHASE_STRIP = NO;
				DEBUG_INFORMATION_FORMAT = "dwarf-with-dsym";
				ENABLE_NS_ASSERTIONS = NO;
				ENABLE_STRICT_OBJC_MSGSEND = YES;
				GCC_C_LANGUAGE_STANDARD = gnu11;
				GCC_NO_COMMON_BLOCKS = YES;
				GCC_WARN_64_TO_32_BIT_CONVERSION = YES;
				GCC_WARN_ABOUT_RETURN_TYPE = YES_ERROR;
				GCC_WARN_UNDECLARED_SELECTOR = YES;
				GCC_WARN_UNINITIALIZED_AUTOS = YES_AGGRESSIVE;
				GCC_WARN_UNUSED_FUNCTION = YES;
				GCC_WARN_UNUSED_VARIABLE = YES;
				IPHONEOS_DEPLOYMENT_TARGET = 13.0;
				MTL_ENABLE_DEBUG_INFO = NO;
				MTL_FAST_MATH = YES;
				SDKROOT = iphoneos;
				SWIFT_COMPILATION_MODE = wholemodule;
				SWIFT_OPTIMIZATION_LEVEL = "-O";
				VALIDATE_PRODUCT = YES;
			};
			name = Release;
		};
		79FBA88A234CB2810012CF54 /* Debug */ = {
			isa = XCBuildConfiguration;
			baseConfigurationReference = 6AE41CF94C7F1863959C67BB /* Pods-Todoey.debug.xcconfig */;
			buildSettings = {
				ASSETCATALOG_COMPILER_APPICON_NAME = AppIcon;
				CODE_SIGN_STYLE = Automatic;
				DEVELOPMENT_TEAM = 88V5XWL377;
				INFOPLIST_FILE = Todoey/Info.plist;
				LD_RUNPATH_SEARCH_PATHS = (
					"$(inherited)",
					"@executable_path/Frameworks",
				);
				PRODUCT_BUNDLE_IDENTIFIER = com.marinasvistkova.Todoey;
				PRODUCT_NAME = "$(TARGET_NAME)";
				SWIFT_VERSION = 5.0;
				TARGETED_DEVICE_FAMILY = "1,2";
			};
			name = Debug;
		};
		79FBA88B234CB2810012CF54 /* Release */ = {
			isa = XCBuildConfiguration;
			baseConfigurationReference = D5909E15ABD1564161DBC7B1 /* Pods-Todoey.release.xcconfig */;
			buildSettings = {
				ASSETCATALOG_COMPILER_APPICON_NAME = AppIcon;
				CODE_SIGN_STYLE = Automatic;
				DEVELOPMENT_TEAM = 88V5XWL377;
				INFOPLIST_FILE = Todoey/Info.plist;
				LD_RUNPATH_SEARCH_PATHS = (
					"$(inherited)",
					"@executable_path/Frameworks",
				);
				PRODUCT_BUNDLE_IDENTIFIER = com.marinasvistkova.Todoey;
				PRODUCT_NAME = "$(TARGET_NAME)";
				SWIFT_VERSION = 5.0;
				TARGETED_DEVICE_FAMILY = "1,2";
			};
			name = Release;
		};
/* End XCBuildConfiguration section */

/* Begin XCConfigurationList section */
		79FBA870234CB27E0012CF54 /* Build configuration list for PBXProject "Todoey" */ = {
			isa = XCConfigurationList;
			buildConfigurations = (
				79FBA887234CB2810012CF54 /* Debug */,
				79FBA888234CB2810012CF54 /* Release */,
			);
			defaultConfigurationIsVisible = 0;
			defaultConfigurationName = Release;
		};
		79FBA889234CB2810012CF54 /* Build configuration list for PBXNativeTarget "Todoey" */ = {
			isa = XCConfigurationList;
			buildConfigurations = (
				79FBA88A234CB2810012CF54 /* Debug */,
				79FBA88B234CB2810012CF54 /* Release */,
			);
			defaultConfigurationIsVisible = 0;
			defaultConfigurationName = Release;
		};
/* End XCConfigurationList section */

/* Begin XCVersionGroup section */
		7974059C238578420037AE4F /* DataModel.xcdatamodeld */ = {
			isa = XCVersionGroup;
			children = (
				7974059D238578420037AE4F /* DataModel.xcdatamodel */,
			);
			currentVersion = 7974059D238578420037AE4F /* DataModel.xcdatamodel */;
			path = DataModel.xcdatamodeld;
			sourceTree = "<group>";
			versionGroupType = wrapper.xcdatamodel;
		};
/* End XCVersionGroup section */
	};
	rootObject = 79FBA86D234CB27E0012CF54 /* Project object */;
}
